
Microsoft Visual Studio Solution File, Format Version 12.00
# Visual Studio Version 17
VisualStudioVersion = 17.3.32929.385
MinimumVisualStudioVersion = 10.0.40219.1
Project("{9A19103F-16F7-4668-BE54-9A1E7A4F7556}") = "WeatherForecastAPI", "WeatherForecast\WeatherForecastAPI.csproj", "{015BDC29-BC6B-4AAF-BBBF-3ACE5384CF2C}"
EndProject
Global
	GlobalSection(SolutionConfigurationPlatforms) = preSolution
		Debug|Any CPU = Debug|Any CPU
		Release|Any CPU = Release|Any CPU
	EndGlobalSection
	GlobalSection(ProjectConfigurationPlatforms) = postSolution
		{015BDC29-BC6B-4AAF-BBBF-3ACE5384CF2C}.Debug|Any CPU.ActiveCfg = Debug|Any CPU
		{015BDC29-BC6B-4AAF-BBBF-3ACE5384CF2C}.Debug|Any CPU.Build.0 = Debug|Any CPU
		{015BDC29-BC6B-4AAF-BBBF-3ACE5384CF2C}.Release|Any CPU.ActiveCfg = Release|Any CPU
		{015BDC29-BC6B-4AAF-BBBF-3ACE5384CF2C}.Release|Any CPU.Build.0 = Release|Any CPU
	EndGlobalSection
	GlobalSection(SolutionProperties) = preSolution
		HideSolutionNode = FALSE
	EndGlobalSection
	GlobalSection(ExtensibilityGlobals) = postSolution
		SolutionGuid = {8963319B-5424-4E62-A065-FF42DD7E9B6A}
	EndGlobalSection
EndGlobal
